{
  "name": "lazy-scripts-demo-page",
  "version": "0.2.0",
  "lockfileVersion": 1,
  "requires": true,
  "dependencies": {
    "lazy-scripts": {
      "version": "0.2.0",
      "resolved": "https://registry.npmjs.org/lazy-scripts/-/lazy-scripts-0.2.0.tgz",
      "integrity": "sha512-yntZzQd5EFuLZGVY9PuAT/SYTJK4Jq1z5m/pgf18y5Eki1a+N1egUN8TL99Bkhu9BN3NRsaYdllneLFgQJ+mmQ==",
      "requires": {
        "mdn-polyfills": "^5.16.0"
      }
    },
    "materialize-css": {
      "version": "1.0.0-rc.2",
      "resolved": "https://registry.npmjs.org/materialize-css/-/materialize-css-1.0.0-rc.2.tgz",
      "integrity": "sha512-FuQmSyq4Qv0ov7A2qXw0E6/jbQzSWx2P1pg2/XQDYTkkSc/GyiFAxu3fw9zgShwuTvyumEiw5jkxQWT9siqMBQ=="
    },
    "mdn-polyfills": {
      "version": "5.16.0",
      "resolved": "https://registry.npmjs.org/mdn-polyfills/-/mdn-polyfills-5.16.0.tgz",
      "integrity": "sha512-1rMxLgeYCwW4a8sUvoyLY7wCdKgMVQdS6me52D0a5lvuTUEAn3Mhi5gFN+9kI0jfea1TUepq72K1AgmbIt2ffw=="
    }
  }
}
