{
  "name": "lazy-scripts-demo-page",
  "version": "0.3.0",
  "lockfileVersion": 1,
  "requires": true,
  "dependencies": {
    "lazy-scripts": {
      "version": "0.3.1",
      "resolved": "https://registry.npmjs.org/lazy-scripts/-/lazy-scripts-0.3.1.tgz",
      "integrity": "sha512-ljV+fh1/3uVZOV+rS03Pq811eeIogjafv523Lp0NbYIWDXVc7GtHjToMWXMUZCK/iJvg+PxnazECqFqwyU3pQg==",
      "requires": {
        "mdn-polyfills": "^5.18.0"
      }
    },
    "mdn-polyfills": {
      "version": "5.18.0",
      "resolved": "https://registry.npmjs.org/mdn-polyfills/-/mdn-polyfills-5.18.0.tgz",
      "integrity": "sha512-ZPfQnRpxGex77QdYXEX2ucbaEpNzLZjCjEGL6NDAbBqsqkQBIhQkTrCsIKBzNMM3Iofk2MOFq/YoU/fyklOGPw=="
    },
    "milligram": {
      "version": "1.3.0",
      "resolved": "https://registry.npmjs.org/milligram/-/milligram-1.3.0.tgz",
      "integrity": "sha1-pdmA746veTN8lqjXx+F2dkkxBCw=",
      "requires": {
        "normalize.css": "~5.0.0"
      }
    },
    "normalize.css": {
      "version": "5.0.0",
      "resolved": "https://registry.npmjs.org/normalize.css/-/normalize.css-5.0.0.tgz",
      "integrity": "sha1-fOyHXOgXilMzxN6Ato6pwYudfDc="
    }
  }
}
